
Microsoft Visual Studio Solution File, Format Version 12.00
# Visual Studio Version 17
VisualStudioVersion = 17.11.35312.102
MinimumVisualStudioVersion = 10.0.40219.1
Project("{FAE04EC0-301F-11D3-BF4B-00C04F79EFBC}") = "5", "5.csproj", "{A0630B65-1FB7-4C82-B938-A2DD3F211745}"
EndProject
Global
	GlobalSection(SolutionConfigurationPlatforms) = preSolution
		Debug|Any CPU = Debug|Any CPU
		Release|Any CPU = Release|Any CPU
	EndGlobalSection
	GlobalSection(ProjectConfigurationPlatforms) = postSolution
		{A0630B65-1FB7-4C82-B938-A2DD3F211745}.Debug|Any CPU.ActiveCfg = Debug|Any CPU
		{A0630B65-1FB7-4C82-B938-A2DD3F211745}.Debug|Any CPU.Build.0 = Debug|Any CPU
		{A0630B65-1FB7-4C82-B938-A2DD3F211745}.Release|Any CPU.ActiveCfg = Release|Any CPU
		{A0630B65-1FB7-4C82-B938-A2DD3F211745}.Release|Any CPU.Build.0 = Release|Any CPU
	EndGlobalSection
	GlobalSection(SolutionProperties) = preSolution
		HideSolutionNode = FALSE
	EndGlobalSection
	GlobalSection(ExtensibilityGlobals) = postSolution
		SolutionGuid = {18DCC6F8-4C1B-4B75-BB30-B3AF40B10E10}
	EndGlobalSection
EndGlobal
