
Microsoft Visual Studio Solution File, Format Version 12.00
# Visual Studio Version 17
VisualStudioVersion = 17.2.32505.173
MinimumVisualStudioVersion = 10.0.40219.1
Project("{FAE04EC0-301F-11D3-BF4B-00C04F79EFBC}") = "T5", "T5\T5.csproj", "{AC2D9907-EA3B-4A0A-8821-804AC6E056E8}"
EndProject
Global
	GlobalSection(SolutionConfigurationPlatforms) = preSolution
		Debug|Any CPU = Debug|Any CPU
		Release|Any CPU = Release|Any CPU
	EndGlobalSection
	GlobalSection(ProjectConfigurationPlatforms) = postSolution
		{AC2D9907-EA3B-4A0A-8821-804AC6E056E8}.Debug|Any CPU.ActiveCfg = Debug|Any CPU
		{AC2D9907-EA3B-4A0A-8821-804AC6E056E8}.Debug|Any CPU.Build.0 = Debug|Any CPU
		{AC2D9907-EA3B-4A0A-8821-804AC6E056E8}.Release|Any CPU.ActiveCfg = Release|Any CPU
		{AC2D9907-EA3B-4A0A-8821-804AC6E056E8}.Release|Any CPU.Build.0 = Release|Any CPU
	EndGlobalSection
	GlobalSection(SolutionProperties) = preSolution
		HideSolutionNode = FALSE
	EndGlobalSection
	GlobalSection(ExtensibilityGlobals) = postSolution
		SolutionGuid = {E1ECE2BF-DA0F-40C9-8543-FAFB3B1BDECE}
	EndGlobalSection
EndGlobal
