
Microsoft Visual Studio Solution File, Format Version 12.00
# Visual Studio Version 17
VisualStudioVersion = 17.2.32505.173
MinimumVisualStudioVersion = 10.0.40219.1
Project("{FAE04EC0-301F-11D3-BF4B-00C04F79EFBC}") = "T2", "T2\T2.csproj", "{466E0436-62EA-4210-AD23-ADADE82F250A}"
EndProject
Global
	GlobalSection(SolutionConfigurationPlatforms) = preSolution
		Debug|Any CPU = Debug|Any CPU
		Release|Any CPU = Release|Any CPU
	EndGlobalSection
	GlobalSection(ProjectConfigurationPlatforms) = postSolution
		{466E0436-62EA-4210-AD23-ADADE82F250A}.Debug|Any CPU.ActiveCfg = Debug|Any CPU
		{466E0436-62EA-4210-AD23-ADADE82F250A}.Debug|Any CPU.Build.0 = Debug|Any CPU
		{466E0436-62EA-4210-AD23-ADADE82F250A}.Release|Any CPU.ActiveCfg = Release|Any CPU
		{466E0436-62EA-4210-AD23-ADADE82F250A}.Release|Any CPU.Build.0 = Release|Any CPU
	EndGlobalSection
	GlobalSection(SolutionProperties) = preSolution
		HideSolutionNode = FALSE
	EndGlobalSection
	GlobalSection(ExtensibilityGlobals) = postSolution
		SolutionGuid = {4308B8FB-24D4-480C-9A92-24891EFC9AD6}
	EndGlobalSection
EndGlobal
