
Microsoft Visual Studio Solution File, Format Version 12.00
# Visual Studio Version 17
VisualStudioVersion = 17.11.35312.102
MinimumVisualStudioVersion = 10.0.40219.1
Project("{FAE04EC0-301F-11D3-BF4B-00C04F79EFBC}") = "T1", "T1.csproj", "{DF84656F-1F5A-4057-8591-2F5FBDC482DD}"
EndProject
Global
	GlobalSection(SolutionConfigurationPlatforms) = preSolution
		Debug|Any CPU = Debug|Any CPU
		Release|Any CPU = Release|Any CPU
	EndGlobalSection
	GlobalSection(ProjectConfigurationPlatforms) = postSolution
		{DF84656F-1F5A-4057-8591-2F5FBDC482DD}.Debug|Any CPU.ActiveCfg = Debug|Any CPU
		{DF84656F-1F5A-4057-8591-2F5FBDC482DD}.Debug|Any CPU.Build.0 = Debug|Any CPU
		{DF84656F-1F5A-4057-8591-2F5FBDC482DD}.Release|Any CPU.ActiveCfg = Release|Any CPU
		{DF84656F-1F5A-4057-8591-2F5FBDC482DD}.Release|Any CPU.Build.0 = Release|Any CPU
	EndGlobalSection
	GlobalSection(SolutionProperties) = preSolution
		HideSolutionNode = FALSE
	EndGlobalSection
	GlobalSection(ExtensibilityGlobals) = postSolution
		SolutionGuid = {FD124EE7-DF0B-43AF-A900-7BD10D0A0702}
	EndGlobalSection
EndGlobal
