
Microsoft Visual Studio Solution File, Format Version 12.00
# Visual Studio Version 17
VisualStudioVersion = 17.11.35312.102
MinimumVisualStudioVersion = 10.0.40219.1
Project("{FAE04EC0-301F-11D3-BF4B-00C04F79EFBC}") = "3D array", "3D array.csproj", "{F05D7748-2A08-43CD-A567-B433DBB64BE4}"
EndProject
Global
	GlobalSection(SolutionConfigurationPlatforms) = preSolution
		Debug|Any CPU = Debug|Any CPU
		Release|Any CPU = Release|Any CPU
	EndGlobalSection
	GlobalSection(ProjectConfigurationPlatforms) = postSolution
		{F05D7748-2A08-43CD-A567-B433DBB64BE4}.Debug|Any CPU.ActiveCfg = Debug|Any CPU
		{F05D7748-2A08-43CD-A567-B433DBB64BE4}.Debug|Any CPU.Build.0 = Debug|Any CPU
		{F05D7748-2A08-43CD-A567-B433DBB64BE4}.Release|Any CPU.ActiveCfg = Release|Any CPU
		{F05D7748-2A08-43CD-A567-B433DBB64BE4}.Release|Any CPU.Build.0 = Release|Any CPU
	EndGlobalSection
	GlobalSection(SolutionProperties) = preSolution
		HideSolutionNode = FALSE
	EndGlobalSection
	GlobalSection(ExtensibilityGlobals) = postSolution
		SolutionGuid = {609239F6-2FAF-46B5-975A-70058ACD01D3}
	EndGlobalSection
EndGlobal
